
Microsoft Visual Studio Solution File, Format Version 12.00
# Visual Studio 15
VisualStudioVersion = 15.0.28307.421
MinimumVisualStudioVersion = 10.0.40219.1
Project("{2150E333-8FDC-42A3-9474-1A3956D46DE8}") = "0_thirdparty", "0_thirdparty", "{BE633D51-7D1C-4ED9-8A7E-D1FFEB582411}"
EndProject
Project("{8BC9CEB8-8B4A-11D0-8D11-00A0C91BC942}") = "miniz", "thirdparty\miniz-2.2.0\miniz.vcxproj", "{49C93B57-B96F-3648-95D7-A2F1AF3DA45A}"
EndProject
Project("{2150E333-8FDC-42A3-9474-1A3956D46DE8}") = "1_demo", "1_demo", "{AD060DCD-4A46-4A5B-B10B-8BF5FAD9DF38}"
EndProject
Project("{8BC9CEB8-8B4A-11D0-8D11-00A0C91BC942}") = "example1", "demo\examples\example1.vcxproj", "{BF150D16-5600-34CF-989D-C0DE1786F002}"
EndProject
Project("{8BC9CEB8-8B4A-11D0-8D11-00A0C91BC942}") = "example2", "demo\examples\example2.vcxproj", "{6F1950EB-28CB-3FA0-AF70-07F8D02EC74D}"
EndProject
Project("{8BC9CEB8-8B4A-11D0-8D11-00A0C91BC942}") = "example3", "demo\examples\example3.vcxproj", "{6F2CF77C-80B7-3DB5-9ABD-96556EE40BA3}"
EndProject
Project("{8BC9CEB8-8B4A-11D0-8D11-00A0C91BC942}") = "example4", "demo\examples\example4.vcxproj", "{8E17CC33-080E-35AA-89AD-E83C4A495953}"
EndProject
Project("{8BC9CEB8-8B4A-11D0-8D11-00A0C91BC942}") = "example5", "demo\examples\example5.vcxproj", "{02F0C0CA-B67F-3488-913A-AF5080728586}"
EndProject
Project("{8BC9CEB8-8B4A-11D0-8D11-00A0C91BC942}") = "example6", "demo\examples\example6.vcxproj", "{CE352BDD-E1FA-373F-A776-99995D4941B5}"
EndProject
Project("{2150E333-8FDC-42A3-9474-1A3956D46DE8}") = "examples", "examples", "{E364D400-9680-4A84-BE45-655677D5F1CB}"
EndProject
Project("{8BC9CEB8-8B4A-11D0-8D11-00A0C91BC942}") = "libminiz", "thirdparty\miniz-2.2.0\libminiz.vcxproj", "{62BC0654-C3F6-4D86-8E13-7B408AA00A68}"
EndProject
Global
	GlobalSection(SolutionConfigurationPlatforms) = preSolution
		Debug|x64 = Debug|x64
		Release|x64 = Release|x64
	EndGlobalSection
	GlobalSection(ProjectConfigurationPlatforms) = postSolution
		{49C93B57-B96F-3648-95D7-A2F1AF3DA45A}.Debug|x64.ActiveCfg = Debug|x64
		{49C93B57-B96F-3648-95D7-A2F1AF3DA45A}.Debug|x64.Build.0 = Debug|x64
		{49C93B57-B96F-3648-95D7-A2F1AF3DA45A}.Release|x64.ActiveCfg = Release|x64
		{49C93B57-B96F-3648-95D7-A2F1AF3DA45A}.Release|x64.Build.0 = Release|x64
		{BF150D16-5600-34CF-989D-C0DE1786F002}.Debug|x64.ActiveCfg = Debug|x64
		{BF150D16-5600-34CF-989D-C0DE1786F002}.Debug|x64.Build.0 = Debug|x64
		{BF150D16-5600-34CF-989D-C0DE1786F002}.Release|x64.ActiveCfg = Release|x64
		{BF150D16-5600-34CF-989D-C0DE1786F002}.Release|x64.Build.0 = Release|x64
		{6F1950EB-28CB-3FA0-AF70-07F8D02EC74D}.Debug|x64.ActiveCfg = Debug|x64
		{6F1950EB-28CB-3FA0-AF70-07F8D02EC74D}.Debug|x64.Build.0 = Debug|x64
		{6F1950EB-28CB-3FA0-AF70-07F8D02EC74D}.Release|x64.ActiveCfg = Release|x64
		{6F1950EB-28CB-3FA0-AF70-07F8D02EC74D}.Release|x64.Build.0 = Release|x64
		{6F2CF77C-80B7-3DB5-9ABD-96556EE40BA3}.Debug|x64.ActiveCfg = Debug|x64
		{6F2CF77C-80B7-3DB5-9ABD-96556EE40BA3}.Debug|x64.Build.0 = Debug|x64
		{6F2CF77C-80B7-3DB5-9ABD-96556EE40BA3}.Release|x64.ActiveCfg = Release|x64
		{6F2CF77C-80B7-3DB5-9ABD-96556EE40BA3}.Release|x64.Build.0 = Release|x64
		{8E17CC33-080E-35AA-89AD-E83C4A495953}.Debug|x64.ActiveCfg = Debug|x64
		{8E17CC33-080E-35AA-89AD-E83C4A495953}.Debug|x64.Build.0 = Debug|x64
		{8E17CC33-080E-35AA-89AD-E83C4A495953}.Release|x64.ActiveCfg = Release|x64
		{8E17CC33-080E-35AA-89AD-E83C4A495953}.Release|x64.Build.0 = Release|x64
		{02F0C0CA-B67F-3488-913A-AF5080728586}.Debug|x64.ActiveCfg = Debug|x64
		{02F0C0CA-B67F-3488-913A-AF5080728586}.Debug|x64.Build.0 = Debug|x64
		{02F0C0CA-B67F-3488-913A-AF5080728586}.Release|x64.ActiveCfg = Release|x64
		{02F0C0CA-B67F-3488-913A-AF5080728586}.Release|x64.Build.0 = Release|x64
		{CE352BDD-E1FA-373F-A776-99995D4941B5}.Debug|x64.ActiveCfg = Debug|x64
		{CE352BDD-E1FA-373F-A776-99995D4941B5}.Debug|x64.Build.0 = Debug|x64
		{CE352BDD-E1FA-373F-A776-99995D4941B5}.Release|x64.ActiveCfg = Release|x64
		{CE352BDD-E1FA-373F-A776-99995D4941B5}.Release|x64.Build.0 = Release|x64
		{62BC0654-C3F6-4D86-8E13-7B408AA00A68}.Debug|x64.ActiveCfg = Debug|x64
		{62BC0654-C3F6-4D86-8E13-7B408AA00A68}.Debug|x64.Build.0 = Debug|x64
		{62BC0654-C3F6-4D86-8E13-7B408AA00A68}.Release|x64.ActiveCfg = Release|x64
		{62BC0654-C3F6-4D86-8E13-7B408AA00A68}.Release|x64.Build.0 = Release|x64
	EndGlobalSection
	GlobalSection(SolutionProperties) = preSolution
		HideSolutionNode = FALSE
	EndGlobalSection
	GlobalSection(NestedProjects) = preSolution
		{49C93B57-B96F-3648-95D7-A2F1AF3DA45A} = {BE633D51-7D1C-4ED9-8A7E-D1FFEB582411}
		{BF150D16-5600-34CF-989D-C0DE1786F002} = {E364D400-9680-4A84-BE45-655677D5F1CB}
		{6F1950EB-28CB-3FA0-AF70-07F8D02EC74D} = {E364D400-9680-4A84-BE45-655677D5F1CB}
		{6F2CF77C-80B7-3DB5-9ABD-96556EE40BA3} = {E364D400-9680-4A84-BE45-655677D5F1CB}
		{8E17CC33-080E-35AA-89AD-E83C4A495953} = {E364D400-9680-4A84-BE45-655677D5F1CB}
		{02F0C0CA-B67F-3488-913A-AF5080728586} = {E364D400-9680-4A84-BE45-655677D5F1CB}
		{CE352BDD-E1FA-373F-A776-99995D4941B5} = {E364D400-9680-4A84-BE45-655677D5F1CB}
		{E364D400-9680-4A84-BE45-655677D5F1CB} = {AD060DCD-4A46-4A5B-B10B-8BF5FAD9DF38}
		{62BC0654-C3F6-4D86-8E13-7B408AA00A68} = {BE633D51-7D1C-4ED9-8A7E-D1FFEB582411}
	EndGlobalSection
	GlobalSection(ExtensibilityGlobals) = postSolution
		SolutionGuid = {0A8CEE52-492A-4393-9DD8-1A14948800DE}
	EndGlobalSection
EndGlobal
